
Microsoft Visual Studio Solution File, Format Version 12.00
# Visual Studio 15
VisualStudioVersion = 15.0.27130.2027
MinimumVisualStudioVersion = 10.0.40219.1
Project("{8BC9CEB8-8B4A-11D0-8D11-00A0C91BC942}") = "FZU_homework1", "FZU_homework1\FZU_homework1.vcxproj", "{47DC7137-0B8E-4CFD-811B-43F2A963B93E}"
EndProject
Global
	GlobalSection(SolutionConfigurationPlatforms) = preSolution
		Debug|x64 = Debug|x64
		Debug|x86 = Debug|x86
		Release|x64 = Release|x64
		Release|x86 = Release|x86
	EndGlobalSection
	GlobalSection(ProjectConfigurationPlatforms) = postSolution
		{47DC7137-0B8E-4CFD-811B-43F2A963B93E}.Debug|x64.ActiveCfg = Debug|x64
		{47DC7137-0B8E-4CFD-811B-43F2A963B93E}.Debug|x64.Build.0 = Debug|x64
		{47DC7137-0B8E-4CFD-811B-43F2A963B93E}.Debug|x86.ActiveCfg = Debug|Win32
		{47DC7137-0B8E-4CFD-811B-43F2A963B93E}.Debug|x86.Build.0 = Debug|Win32
		{47DC7137-0B8E-4CFD-811B-43F2A963B93E}.Release|x64.ActiveCfg = Release|x64
		{47DC7137-0B8E-4CFD-811B-43F2A963B93E}.Release|x64.Build.0 = Release|x64
		{47DC7137-0B8E-4CFD-811B-43F2A963B93E}.Release|x86.ActiveCfg = Release|Win32
		{47DC7137-0B8E-4CFD-811B-43F2A963B93E}.Release|x86.Build.0 = Release|Win32
	EndGlobalSection
	GlobalSection(SolutionProperties) = preSolution
		HideSolutionNode = FALSE
	EndGlobalSection
	GlobalSection(ExtensibilityGlobals) = postSolution
		SolutionGuid = {12574E42-070E-4AAE-BA5C-0BEFF66CA967}
	EndGlobalSection
EndGlobal
